
Microsoft Visual Studio Solution File, Format Version 12.00
# Visual Studio 2013
VisualStudioVersion = 12.0.31101.0
MinimumVisualStudioVersion = 10.0.40219.1
Project("{FAE04EC0-301F-11D3-BF4B-00C04F79EFBC}") = "ChiitransLite", "ChiitransLite\ChiitransLite.csproj", "{6D822424-D844-4FFC-B2F0-C36AA6B039F9}"
EndProject
Project("{FAE04EC0-301F-11D3-BF4B-00C04F79EFBC}") = "ChiitransLiteTests", "ChiitransLiteTests\ChiitransLiteTests.csproj", "{68A4FF3A-B9CD-4381-B15B-9516551B9F8A}"
EndProject
Project("{54435603-DBB4-11D2-8724-00A0C9A8B90C}") = "CLInstall", "CLInstall\CLInstall.vdproj", "{400E7B29-FBF6-46AA-97E0-E4A39384F71A}"
EndProject
Global
	GlobalSection(SolutionConfigurationPlatforms) = preSolution
		CD_ROM|Any CPU = CD_ROM|Any CPU
		Debug|Any CPU = Debug|Any CPU
		DVD-5|Any CPU = DVD-5|Any CPU
		Release|Any CPU = Release|Any CPU
		SingleImage|Any CPU = SingleImage|Any CPU
	EndGlobalSection
	GlobalSection(ProjectConfigurationPlatforms) = postSolution
		{6D822424-D844-4FFC-B2F0-C36AA6B039F9}.CD_ROM|Any CPU.ActiveCfg = Release|Any CPU
		{6D822424-D844-4FFC-B2F0-C36AA6B039F9}.CD_ROM|Any CPU.Build.0 = Release|Any CPU
		{6D822424-D844-4FFC-B2F0-C36AA6B039F9}.Debug|Any CPU.ActiveCfg = Debug|Any CPU
		{6D822424-D844-4FFC-B2F0-C36AA6B039F9}.Debug|Any CPU.Build.0 = Debug|Any CPU
		{6D822424-D844-4FFC-B2F0-C36AA6B039F9}.DVD-5|Any CPU.ActiveCfg = Debug|Any CPU
		{6D822424-D844-4FFC-B2F0-C36AA6B039F9}.DVD-5|Any CPU.Build.0 = Debug|Any CPU
		{6D822424-D844-4FFC-B2F0-C36AA6B039F9}.Release|Any CPU.ActiveCfg = Release|Any CPU
		{6D822424-D844-4FFC-B2F0-C36AA6B039F9}.Release|Any CPU.Build.0 = Release|Any CPU
		{6D822424-D844-4FFC-B2F0-C36AA6B039F9}.SingleImage|Any CPU.ActiveCfg = Release|Any CPU
		{6D822424-D844-4FFC-B2F0-C36AA6B039F9}.SingleImage|Any CPU.Build.0 = Release|Any CPU
		{68A4FF3A-B9CD-4381-B15B-9516551B9F8A}.CD_ROM|Any CPU.ActiveCfg = Release|Any CPU
		{68A4FF3A-B9CD-4381-B15B-9516551B9F8A}.CD_ROM|Any CPU.Build.0 = Release|Any CPU
		{68A4FF3A-B9CD-4381-B15B-9516551B9F8A}.Debug|Any CPU.ActiveCfg = Debug|Any CPU
		{68A4FF3A-B9CD-4381-B15B-9516551B9F8A}.Debug|Any CPU.Build.0 = Debug|Any CPU
		{68A4FF3A-B9CD-4381-B15B-9516551B9F8A}.DVD-5|Any CPU.ActiveCfg = Debug|Any CPU
		{68A4FF3A-B9CD-4381-B15B-9516551B9F8A}.DVD-5|Any CPU.Build.0 = Debug|Any CPU
		{68A4FF3A-B9CD-4381-B15B-9516551B9F8A}.Release|Any CPU.ActiveCfg = Release|Any CPU
		{68A4FF3A-B9CD-4381-B15B-9516551B9F8A}.Release|Any CPU.Build.0 = Release|Any CPU
		{68A4FF3A-B9CD-4381-B15B-9516551B9F8A}.SingleImage|Any CPU.ActiveCfg = Release|Any CPU
		{68A4FF3A-B9CD-4381-B15B-9516551B9F8A}.SingleImage|Any CPU.Build.0 = Release|Any CPU
		{400E7B29-FBF6-46AA-97E0-E4A39384F71A}.CD_ROM|Any CPU.ActiveCfg = Release
		{400E7B29-FBF6-46AA-97E0-E4A39384F71A}.Debug|Any CPU.ActiveCfg = Debug
		{400E7B29-FBF6-46AA-97E0-E4A39384F71A}.DVD-5|Any CPU.ActiveCfg = Debug
		{400E7B29-FBF6-46AA-97E0-E4A39384F71A}.Release|Any CPU.ActiveCfg = Release
		{400E7B29-FBF6-46AA-97E0-E4A39384F71A}.SingleImage|Any CPU.ActiveCfg = Release
	EndGlobalSection
	GlobalSection(SolutionProperties) = preSolution
		HideSolutionNode = FALSE
	EndGlobalSection
EndGlobal
